
Microsoft Visual Studio Solution File, Format Version 12.00
# Visual Studio 14
VisualStudioVersion = 14.0.25420.1
MinimumVisualStudioVersion = 10.0.40219.1
Project("{2150E333-8FDC-42A3-9474-1A3956D46DE8}") = "src", "src", "{BA209A31-0AA9-453E-9BF1-269DC8BC8085}"
EndProject
Project("{2150E333-8FDC-42A3-9474-1A3956D46DE8}") = "Solution Items", "Solution Items", "{DA884799-9EE7-4DA1-9EC4-E85DAAAE872A}"
	ProjectSection(SolutionItems) = preProject
		global.json = global.json
	EndProjectSection
EndProject
Project("{2150E333-8FDC-42A3-9474-1A3956D46DE8}") = "test", "test", "{6131EE1C-9A57-42D7-BF85-230F97DDEB8B}"
EndProject
Project("{8BB2217D-0F2D-49D1-97BC-3654ED321F3B}") = "Easy.Web.Sample", "src\Easy.Web.Sample\Easy.Web.Sample.xproj", "{6AFEFFD0-CFA1-44B2-A728-8D329713570B}"
EndProject
Project("{FAE04EC0-301F-11D3-BF4B-00C04F79EFBC}") = "Easy.Web.Core", "src\Easy.Web.Core\Easy.Web.Core.csproj", "{B52C0F66-AEA3-483C-9BD6-01DECACCBCBA}"
EndProject
Project("{FAE04EC0-301F-11D3-BF4B-00C04F79EFBC}") = "Easy.Web.Tests.Unit", "test\Easy.Web.Tests.Unit\Easy.Web.Tests.Unit.csproj", "{71EC953A-602D-4927-9EA2-B500BA7277F8}"
EndProject
Project("{FAE04EC0-301F-11D3-BF4B-00C04F79EFBC}") = "Easy.Web.Tests.Integration", "test\Easy.Web.Tests.Integration\Easy.Web.Tests.Integration.csproj", "{736807BD-16EF-4401-ADD4-B182AD832F33}"
EndProject
Project("{FAE04EC0-301F-11D3-BF4B-00C04F79EFBC}") = "Easy.Web.Serialization.JSONNet", "src\Easy.Web.Serialization.JSONNet\Easy.Web.Serialization.JSONNet.csproj", "{1B9FB960-58AE-4C4E-A9F3-AE28C1755B8A}"
EndProject
Project("{2150E333-8FDC-42A3-9474-1A3956D46DE8}") = "Serializers", "Serializers", "{CD14A372-F219-4823-A170-52F93697EFD4}"
EndProject
Project("{FAE04EC0-301F-11D3-BF4B-00C04F79EFBC}") = "Easy.Web.Serialization.XML", "src\Easy.Web.Serialization.XML\Easy.Web.Serialization.XML.csproj", "{695D5D27-5B18-4A6F-840D-0B9B206B7E96}"
EndProject
Project("{FAE04EC0-301F-11D3-BF4B-00C04F79EFBC}") = "Easy.Web.Serialization.ProtobufNet", "src\Easy.Web.Serialization.ProtobufNet\Easy.Web.Serialization.ProtobufNet.csproj", "{6B5D3BD2-F8A5-4E97-AED1-8754D5A30C9C}"
EndProject
Project("{FAE04EC0-301F-11D3-BF4B-00C04F79EFBC}") = "Easy.Web.Serialization.NetJSON", "src\Easy.Web.Serialization.NetJSON\Easy.Web.Serialization.NetJSON.csproj", "{999C46CC-962C-478B-BE44-88A816B379A7}"
EndProject
Project("{FAE04EC0-301F-11D3-BF4B-00C04F79EFBC}") = "Easy.Web.Serialization.Jil", "src\Easy.Web.Serialization.Jil\Easy.Web.Serialization.Jil.csproj", "{80084F09-B641-4417-B2EA-32D3C7A82830}"
EndProject
Project("{2150E333-8FDC-42A3-9474-1A3956D46DE8}") = "Samples", "Samples", "{8FAC994D-7D17-4599-9D8F-A9D63BEC7B2D}"
EndProject
Project("{8BB2217D-0F2D-49D1-97BC-3654ED321F3B}") = "Easy.Web.Sample.Lean", "src\Easy.Web.Sample.Lean\Easy.Web.Sample.Lean.xproj", "{ACBF67B5-463C-4444-B5DB-6285129FB16E}"
EndProject
Global
	GlobalSection(SolutionConfigurationPlatforms) = preSolution
		Debug|Any CPU = Debug|Any CPU
		Release|Any CPU = Release|Any CPU
	EndGlobalSection
	GlobalSection(ProjectConfigurationPlatforms) = postSolution
		{6AFEFFD0-CFA1-44B2-A728-8D329713570B}.Debug|Any CPU.ActiveCfg = Debug|Any CPU
		{6AFEFFD0-CFA1-44B2-A728-8D329713570B}.Debug|Any CPU.Build.0 = Debug|Any CPU
		{6AFEFFD0-CFA1-44B2-A728-8D329713570B}.Release|Any CPU.ActiveCfg = Release|Any CPU
		{6AFEFFD0-CFA1-44B2-A728-8D329713570B}.Release|Any CPU.Build.0 = Release|Any CPU
		{B52C0F66-AEA3-483C-9BD6-01DECACCBCBA}.Debug|Any CPU.ActiveCfg = Debug|Any CPU
		{B52C0F66-AEA3-483C-9BD6-01DECACCBCBA}.Release|Any CPU.ActiveCfg = Release|Any CPU
		{71EC953A-602D-4927-9EA2-B500BA7277F8}.Debug|Any CPU.ActiveCfg = Debug|Any CPU
		{71EC953A-602D-4927-9EA2-B500BA7277F8}.Debug|Any CPU.Build.0 = Debug|Any CPU
		{71EC953A-602D-4927-9EA2-B500BA7277F8}.Release|Any CPU.ActiveCfg = Release|Any CPU
		{71EC953A-602D-4927-9EA2-B500BA7277F8}.Release|Any CPU.Build.0 = Release|Any CPU
		{736807BD-16EF-4401-ADD4-B182AD832F33}.Debug|Any CPU.ActiveCfg = Debug|Any CPU
		{736807BD-16EF-4401-ADD4-B182AD832F33}.Debug|Any CPU.Build.0 = Debug|Any CPU
		{736807BD-16EF-4401-ADD4-B182AD832F33}.Release|Any CPU.ActiveCfg = Release|Any CPU
		{736807BD-16EF-4401-ADD4-B182AD832F33}.Release|Any CPU.Build.0 = Release|Any CPU
		{1B9FB960-58AE-4C4E-A9F3-AE28C1755B8A}.Debug|Any CPU.ActiveCfg = Debug|Any CPU
		{1B9FB960-58AE-4C4E-A9F3-AE28C1755B8A}.Debug|Any CPU.Build.0 = Debug|Any CPU
		{1B9FB960-58AE-4C4E-A9F3-AE28C1755B8A}.Release|Any CPU.ActiveCfg = Release|Any CPU
		{1B9FB960-58AE-4C4E-A9F3-AE28C1755B8A}.Release|Any CPU.Build.0 = Release|Any CPU
		{695D5D27-5B18-4A6F-840D-0B9B206B7E96}.Debug|Any CPU.ActiveCfg = Debug|Any CPU
		{695D5D27-5B18-4A6F-840D-0B9B206B7E96}.Debug|Any CPU.Build.0 = Debug|Any CPU
		{695D5D27-5B18-4A6F-840D-0B9B206B7E96}.Release|Any CPU.ActiveCfg = Release|Any CPU
		{695D5D27-5B18-4A6F-840D-0B9B206B7E96}.Release|Any CPU.Build.0 = Release|Any CPU
		{6B5D3BD2-F8A5-4E97-AED1-8754D5A30C9C}.Debug|Any CPU.ActiveCfg = Debug|Any CPU
		{6B5D3BD2-F8A5-4E97-AED1-8754D5A30C9C}.Debug|Any CPU.Build.0 = Debug|Any CPU
		{6B5D3BD2-F8A5-4E97-AED1-8754D5A30C9C}.Release|Any CPU.ActiveCfg = Release|Any CPU
		{6B5D3BD2-F8A5-4E97-AED1-8754D5A30C9C}.Release|Any CPU.Build.0 = Release|Any CPU
		{999C46CC-962C-478B-BE44-88A816B379A7}.Debug|Any CPU.ActiveCfg = Debug|Any CPU
		{999C46CC-962C-478B-BE44-88A816B379A7}.Debug|Any CPU.Build.0 = Debug|Any CPU
		{999C46CC-962C-478B-BE44-88A816B379A7}.Release|Any CPU.ActiveCfg = Release|Any CPU
		{999C46CC-962C-478B-BE44-88A816B379A7}.Release|Any CPU.Build.0 = Release|Any CPU
		{80084F09-B641-4417-B2EA-32D3C7A82830}.Debug|Any CPU.ActiveCfg = Debug|Any CPU
		{80084F09-B641-4417-B2EA-32D3C7A82830}.Debug|Any CPU.Build.0 = Debug|Any CPU
		{80084F09-B641-4417-B2EA-32D3C7A82830}.Release|Any CPU.ActiveCfg = Release|Any CPU
		{80084F09-B641-4417-B2EA-32D3C7A82830}.Release|Any CPU.Build.0 = Release|Any CPU
		{ACBF67B5-463C-4444-B5DB-6285129FB16E}.Debug|Any CPU.ActiveCfg = Debug|Any CPU
		{ACBF67B5-463C-4444-B5DB-6285129FB16E}.Debug|Any CPU.Build.0 = Debug|Any CPU
		{ACBF67B5-463C-4444-B5DB-6285129FB16E}.Release|Any CPU.ActiveCfg = Release|Any CPU
		{ACBF67B5-463C-4444-B5DB-6285129FB16E}.Release|Any CPU.Build.0 = Release|Any CPU
	EndGlobalSection
	GlobalSection(SolutionProperties) = preSolution
		HideSolutionNode = FALSE
	EndGlobalSection
	GlobalSection(NestedProjects) = preSolution
		{6AFEFFD0-CFA1-44B2-A728-8D329713570B} = {8FAC994D-7D17-4599-9D8F-A9D63BEC7B2D}
		{B52C0F66-AEA3-483C-9BD6-01DECACCBCBA} = {BA209A31-0AA9-453E-9BF1-269DC8BC8085}
		{71EC953A-602D-4927-9EA2-B500BA7277F8} = {6131EE1C-9A57-42D7-BF85-230F97DDEB8B}
		{736807BD-16EF-4401-ADD4-B182AD832F33} = {6131EE1C-9A57-42D7-BF85-230F97DDEB8B}
		{1B9FB960-58AE-4C4E-A9F3-AE28C1755B8A} = {CD14A372-F219-4823-A170-52F93697EFD4}
		{CD14A372-F219-4823-A170-52F93697EFD4} = {BA209A31-0AA9-453E-9BF1-269DC8BC8085}
		{695D5D27-5B18-4A6F-840D-0B9B206B7E96} = {CD14A372-F219-4823-A170-52F93697EFD4}
		{6B5D3BD2-F8A5-4E97-AED1-8754D5A30C9C} = {CD14A372-F219-4823-A170-52F93697EFD4}
		{999C46CC-962C-478B-BE44-88A816B379A7} = {CD14A372-F219-4823-A170-52F93697EFD4}
		{80084F09-B641-4417-B2EA-32D3C7A82830} = {CD14A372-F219-4823-A170-52F93697EFD4}
		{8FAC994D-7D17-4599-9D8F-A9D63BEC7B2D} = {BA209A31-0AA9-453E-9BF1-269DC8BC8085}
		{ACBF67B5-463C-4444-B5DB-6285129FB16E} = {8FAC994D-7D17-4599-9D8F-A9D63BEC7B2D}
	EndGlobalSection
EndGlobal
